// !$*UTF8*$!
{
	archiveVersion = 1;
	classes = {
	};
	objectVersion = 52;
	objects = {

/* Begin PBXBuildFile section */
		4D2C16E92384BC6E005C4F4A /* logo.png in Resources */ = {isa = PBXBuildFile; fileRef = 4D2C16E82384BC6E005C4F4A /* logo.png */; };
		4DF4C12D23865D1F000FA081 /* Server.swift in Sources */ = {isa = PBXBuildFile; fileRef = 4DF4C12C23865D1F000FA081 /* Server.swift */; };
		4DF4C13123865DE6000FA081 /* HomeViewController.swift in Sources */ = {isa = PBXBuildFile; fileRef = 4DF4C13023865DE6000FA081 /* HomeViewController.swift */; };
		4DF4C13323865E30000FA081 /* HomeViewModel.swift in Sources */ = {isa = PBXBuildFile; fileRef = 4DF4C13223865E30000FA081 /* HomeViewModel.swift */; };
		943D782A238A5BF8009FDE39 /* RemoteImage.swift in Sources */ = {isa = PBXBuildFile; fileRef = 943D7829238A5BF8009FDE39 /* RemoteImage.swift */; };
		943D782C238A83F6009FDE39 /* NavigationBar.swift in Sources */ = {isa = PBXBuildFile; fileRef = 943D782B238A83F6009FDE39 /* NavigationBar.swift */; };
		945567E92389007F000C0CFD /* HomeView.swift in Sources */ = {isa = PBXBuildFile; fileRef = 945567E82389007F000C0CFD /* HomeView.swift */; };
		946EDF9F23B2C04D000CD32F /* AppView.swift in Sources */ = {isa = PBXBuildFile; fileRef = 946EDF9E23B2C04D000CD32F /* AppView.swift */; };
		946EDFA123B2C2AB000CD32F /* ImageData.swift in Sources */ = {isa = PBXBuildFile; fileRef = 946EDFA023B2C2AB000CD32F /* ImageData.swift */; };
		946EDFA323B2C2DA000CD32F /* ImageColumn.swift in Sources */ = {isa = PBXBuildFile; fileRef = 946EDFA223B2C2DA000CD32F /* ImageColumn.swift */; };
		946EDFA523B2C987000CD32F /* AddImageView.swift in Sources */ = {isa = PBXBuildFile; fileRef = 946EDFA423B2C987000CD32F /* AddImageView.swift */; };
		946EDFA723B2CC79000CD32F /* UISettings.swift in Sources */ = {isa = PBXBuildFile; fileRef = 946EDFA623B2CC79000CD32F /* UISettings.swift */; };
		948BF7C72385D78C00F1F048 /* ImagesController.swift in Sources */ = {isa = PBXBuildFile; fileRef = 948BF7C62385D78C00F1F048 /* ImagesController.swift */; };
		94A2644523832E6500B87360 /* AppDelegate.swift in Sources */ = {isa = PBXBuildFile; fileRef = 94A2644423832E6500B87360 /* AppDelegate.swift */; };
		94A2644723832E6500B87360 /* SceneDelegate.swift in Sources */ = {isa = PBXBuildFile; fileRef = 94A2644623832E6500B87360 /* SceneDelegate.swift */; };
		94A2644A23832E6500B87360 /* BagelGram.xcdatamodeld in Sources */ = {isa = PBXBuildFile; fileRef = 94A2644823832E6500B87360 /* BagelGram.xcdatamodeld */; };
		94A2644C23832E6500B87360 /* ContentView.swift in Sources */ = {isa = PBXBuildFile; fileRef = 94A2644B23832E6500B87360 /* ContentView.swift */; };
		94A2644E23832E6900B87360 /* Assets.xcassets in Resources */ = {isa = PBXBuildFile; fileRef = 94A2644D23832E6900B87360 /* Assets.xcassets */; };
		94A2645123832E6900B87360 /* Preview Assets.xcassets in Resources */ = {isa = PBXBuildFile; fileRef = 94A2645023832E6900B87360 /* Preview Assets.xcassets */; };
		94A2645423832E6900B87360 /* LaunchScreen.storyboard in Resources */ = {isa = PBXBuildFile; fileRef = 94A2645223832E6900B87360 /* LaunchScreen.storyboard */; };
		94A2645F23832E6900B87360 /* BagelGramTests.swift in Sources */ = {isa = PBXBuildFile; fileRef = 94A2645E23832E6900B87360 /* BagelGramTests.swift */; };
		94A2646A23832E6900B87360 /* BagelGramUITests.swift in Sources */ = {isa = PBXBuildFile; fileRef = 94A2646923832E6900B87360 /* BagelGramUITests.swift */; };
		94A26479238331DF00B87360 /* Apollo in Frameworks */ = {isa = PBXBuildFile; productRef = 94A26478238331DF00B87360 /* Apollo */; };
		94A2647B238331DF00B87360 /* ApolloWebSocket in Frameworks */ = {isa = PBXBuildFile; productRef = 94A2647A238331DF00B87360 /* ApolloWebSocket */; };
		94A2647D2383325A00B87360 /* Network.swift in Sources */ = {isa = PBXBuildFile; fileRef = 94A2647C2383325A00B87360 /* Network.swift */; };
		94B1D8EF238550DC005AECEB /* ImageQuery.graphql in Resources */ = {isa = PBXBuildFile; fileRef = 94B1D8EE238550DC005AECEB /* ImageQuery.graphql */; };
		94B1D8F22385522F005AECEB /* API.swift in Sources */ = {isa = PBXBuildFile; fileRef = 94B1D8F12385522F005AECEB /* API.swift */; };
		94D22CD523855046000C55FB /* graphql.schema.json in Resources */ = {isa = PBXBuildFile; fileRef = 94D22CD423855046000C55FB /* graphql.schema.json */; };
/* End PBXBuildFile section */

/* Begin PBXContainerItemProxy section */
		94A2645B23832E6900B87360 /* PBXContainerItemProxy */ = {
			isa = PBXContainerItemProxy;
			containerPortal = 94A2643923832E6500B87360 /* Project object */;
			proxyType = 1;
			remoteGlobalIDString = 94A2644023832E6500B87360;
			remoteInfo = BagelGram;
		};
		94A2646623832E6900B87360 /* PBXContainerItemProxy */ = {
			isa = PBXContainerItemProxy;
			containerPortal = 94A2643923832E6500B87360 /* Project object */;
			proxyType = 1;
			remoteGlobalIDString = 94A2644023832E6500B87360;
			remoteInfo = BagelGram;
		};
/* End PBXContainerItemProxy section */

/* Begin PBXFileReference section */
		4D2C16E82384BC6E005C4F4A /* logo.png */ = {isa = PBXFileReference; lastKnownFileType = image.png; name = logo.png; path = ../../../assets/logo.png; sourceTree = "<group>"; };
		4DF4C12C23865D1F000FA081 /* Server.swift */ = {isa = PBXFileReference; lastKnownFileType = sourcecode.swift; path = Server.swift; sourceTree = "<group>"; };
		4DF4C13023865DE6000FA081 /* HomeViewController.swift */ = {isa = PBXFileReference; lastKnownFileType = sourcecode.swift; path = HomeViewController.swift; sourceTree = "<group>"; };
		4DF4C13223865E30000FA081 /* HomeViewModel.swift */ = {isa = PBXFileReference; lastKnownFileType = sourcecode.swift; path = HomeViewModel.swift; sourceTree = "<group>"; };
		943D7829238A5BF8009FDE39 /* RemoteImage.swift */ = {isa = PBXFileReference; lastKnownFileType = sourcecode.swift; path = RemoteImage.swift; sourceTree = "<group>"; };
		943D782B238A83F6009FDE39 /* NavigationBar.swift */ = {isa = PBXFileReference; lastKnownFileType = sourcecode.swift; path = NavigationBar.swift; sourceTree = "<group>"; };
		945567E82389007F000C0CFD /* HomeView.swift */ = {isa = PBXFileReference; lastKnownFileType = sourcecode.swift; path = HomeView.swift; sourceTree = "<group>"; };
		946EDF9E23B2C04D000CD32F /* AppView.swift */ = {isa = PBXFileReference; lastKnownFileType = sourcecode.swift; path = AppView.swift; sourceTree = "<group>"; };
		946EDFA023B2C2AB000CD32F /* ImageData.swift */ = {isa = PBXFileReference; lastKnownFileType = sourcecode.swift; path = ImageData.swift; sourceTree = "<group>"; };
		946EDFA223B2C2DA000CD32F /* ImageColumn.swift */ = {isa = PBXFileReference; lastKnownFileType = sourcecode.swift; path = ImageColumn.swift; sourceTree = "<group>"; };
		946EDFA423B2C987000CD32F /* AddImageView.swift */ = {isa = PBXFileReference; lastKnownFileType = sourcecode.swift; path = AddImageView.swift; sourceTree = "<group>"; };
		946EDFA623B2CC79000CD32F /* UISettings.swift */ = {isa = PBXFileReference; lastKnownFileType = sourcecode.swift; path = UISettings.swift; sourceTree = "<group>"; };
		948BF7C62385D78C00F1F048 /* ImagesController.swift */ = {isa = PBXFileReference; lastKnownFileType = sourcecode.swift; path = ImagesController.swift; sourceTree = "<group>"; };
		94A2644123832E6500B87360 /* BagelGram.app */ = {isa = PBXFileReference; explicitFileType = wrapper.application; includeInIndex = 0; path = BagelGram.app; sourceTree = BUILT_PRODUCTS_DIR; };
		94A2644423832E6500B87360 /* AppDelegate.swift */ = {isa = PBXFileReference; lastKnownFileType = sourcecode.swift; path = AppDelegate.swift; sourceTree = "<group>"; };
		94A2644623832E6500B87360 /* SceneDelegate.swift */ = {isa = PBXFileReference; lastKnownFileType = sourcecode.swift; path = SceneDelegate.swift; sourceTree = "<group>"; };
		94A2644923832E6500B87360 /* BagelGram.xcdatamodel */ = {isa = PBXFileReference; lastKnownFileType = wrapper.xcdatamodel; path = BagelGram.xcdatamodel; sourceTree = "<group>"; };
		94A2644B23832E6500B87360 /* ContentView.swift */ = {isa = PBXFileReference; lastKnownFileType = sourcecode.swift; path = ContentView.swift; sourceTree = "<group>"; };
		94A2644D23832E6900B87360 /* Assets.xcassets */ = {isa = PBXFileReference; lastKnownFileType = folder.assetcatalog; path = Assets.xcassets; sourceTree = "<group>"; };
		94A2645023832E6900B87360 /* Preview Assets.xcassets */ = {isa = PBXFileReference; lastKnownFileType = folder.assetcatalog; path = "Preview Assets.xcassets"; sourceTree = "<group>"; };
		94A2645323832E6900B87360 /* Base */ = {isa = PBXFileReference; lastKnownFileType = file.storyboard; name = Base; path = Base.lproj/LaunchScreen.storyboard; sourceTree = "<group>"; };
		94A2645523832E6900B87360 /* Info.plist */ = {isa = PBXFileReference; lastKnownFileType = text.plist.xml; path = Info.plist; sourceTree = "<group>"; };
		94A2645A23832E6900B87360 /* BagelGramTests.xctest */ = {isa = PBXFileReference; explicitFileType = wrapper.cfbundle; includeInIndex = 0; path = BagelGramTests.xctest; sourceTree = BUILT_PRODUCTS_DIR; };
		94A2645E23832E6900B87360 /* BagelGramTests.swift */ = {isa = PBXFileReference; lastKnownFileType = sourcecode.swift; path = BagelGramTests.swift; sourceTree = "<group>"; };
		94A2646023832E6900B87360 /* Info.plist */ = {isa = PBXFileReference; lastKnownFileType = text.plist.xml; path = Info.plist; sourceTree = "<group>"; };
		94A2646523832E6900B87360 /* BagelGramUITests.xctest */ = {isa = PBXFileReference; explicitFileType = wrapper.cfbundle; includeInIndex = 0; path = BagelGramUITests.xctest; sourceTree = BUILT_PRODUCTS_DIR; };
		94A2646923832E6900B87360 /* BagelGramUITests.swift */ = {isa = PBXFileReference; lastKnownFileType = sourcecode.swift; path = BagelGramUITests.swift; sourceTree = "<group>"; };
		94A2646B23832E6900B87360 /* Info.plist */ = {isa = PBXFileReference; lastKnownFileType = text.plist.xml; path = Info.plist; sourceTree = "<group>"; };
		94A2647C2383325A00B87360 /* Network.swift */ = {isa = PBXFileReference; lastKnownFileType = sourcecode.swift; path = Network.swift; sourceTree = "<group>"; };
		94B1D8EE238550DC005AECEB /* ImageQuery.graphql */ = {isa = PBXFileReference; lastKnownFileType = text; path = ImageQuery.graphql; sourceTree = "<group>"; };
		94B1D8F12385522F005AECEB /* API.swift */ = {isa = PBXFileReference; fileEncoding = 4; lastKnownFileType = sourcecode.swift; path = API.swift; sourceTree = "<group>"; };
		94D22CD423855046000C55FB /* graphql.schema.json */ = {isa = PBXFileReference; fileEncoding = 4; lastKnownFileType = text.json; path = graphql.schema.json; sourceTree = "<group>"; };
/* End PBXFileReference section */

/* Begin PBXFrameworksBuildPhase section */
		94A2643E23832E6500B87360 /* Frameworks */ = {
			isa = PBXFrameworksBuildPhase;
			buildActionMask = 2147483647;
			files = (
				94A26479238331DF00B87360 /* Apollo in Frameworks */,
				94A2647B238331DF00B87360 /* ApolloWebSocket in Frameworks */,
			);
			runOnlyForDeploymentPostprocessing = 0;
		};
		94A2645723832E6900B87360 /* Frameworks */ = {
			isa = PBXFrameworksBuildPhase;
			buildActionMask = 2147483647;
			files = (
			);
			runOnlyForDeploymentPostprocessing = 0;
		};
		94A2646223832E6900B87360 /* Frameworks */ = {
			isa = PBXFrameworksBuildPhase;
			buildActionMask = 2147483647;
			files = (
			);
			runOnlyForDeploymentPostprocessing = 0;
		};
/* End PBXFrameworksBuildPhase section */

/* Begin PBXGroup section */
		4DF4C12E23865DD8000FA081 /* Screens */ = {
			isa = PBXGroup;
			children = (
				4DF4C12F23865DDD000FA081 /* Home */,
			);
			path = Screens;
			sourceTree = "<group>";
		};
		4DF4C12F23865DDD000FA081 /* Home */ = {
			isa = PBXGroup;
			children = (
				4DF4C13023865DE6000FA081 /* HomeViewController.swift */,
				4DF4C13223865E30000FA081 /* HomeViewModel.swift */,
				945567E82389007F000C0CFD /* HomeView.swift */,
				943D782B238A83F6009FDE39 /* NavigationBar.swift */,
			);
			path = Home;
			sourceTree = "<group>";
		};
		948BF7C82385DA1200F1F048 /* Controller */ = {
			isa = PBXGroup;
			children = (
				948BF7C62385D78C00F1F048 /* ImagesController.swift */,
			);
			path = Controller;
			sourceTree = "<group>";
		};
		94A2643823832E6500B87360 = {
			isa = PBXGroup;
			children = (
				94A2644323832E6500B87360 /* BagelGram */,
				94A2645D23832E6900B87360 /* BagelGramTests */,
				94A2646823832E6900B87360 /* BagelGramUITests */,
				94A2644223832E6500B87360 /* Products */,
			);
			sourceTree = "<group>";
		};
		94A2644223832E6500B87360 /* Products */ = {
			isa = PBXGroup;
			children = (
				94A2644123832E6500B87360 /* BagelGram.app */,
				94A2645A23832E6900B87360 /* BagelGramTests.xctest */,
				94A2646523832E6900B87360 /* BagelGramUITests.xctest */,
			);
			name = Products;
			sourceTree = "<group>";
		};
		94A2644323832E6500B87360 /* BagelGram */ = {
			isa = PBXGroup;
			children = (
				4DF4C12E23865DD8000FA081 /* Screens */,
				948BF7C82385DA1200F1F048 /* Controller */,
				94B1D8F12385522F005AECEB /* API.swift */,
				4DF4C12C23865D1F000FA081 /* Server.swift */,
				94D22CD423855046000C55FB /* graphql.schema.json */,
				94A2644423832E6500B87360 /* AppDelegate.swift */,
				94A2644623832E6500B87360 /* SceneDelegate.swift */,
				94A2644B23832E6500B87360 /* ContentView.swift */,
				946EDFA223B2C2DA000CD32F /* ImageColumn.swift */,
				946EDFA023B2C2AB000CD32F /* ImageData.swift */,
				946EDF9E23B2C04D000CD32F /* AppView.swift */,
				946EDFA623B2CC79000CD32F /* UISettings.swift */,
				946EDFA423B2C987000CD32F /* AddImageView.swift */,
				94A2644D23832E6900B87360 /* Assets.xcassets */,
				4D2C16E82384BC6E005C4F4A /* logo.png */,
				94A2645223832E6900B87360 /* LaunchScreen.storyboard */,
				94A2645523832E6900B87360 /* Info.plist */,
				94A2644823832E6500B87360 /* BagelGram.xcdatamodeld */,
				94A2644F23832E6900B87360 /* Preview Content */,
				94A2647C2383325A00B87360 /* Network.swift */,
				94B1D8EE238550DC005AECEB /* ImageQuery.graphql */,
				943D7829238A5BF8009FDE39 /* RemoteImage.swift */,
			);
			path = BagelGram;
			sourceTree = "<group>";
		};
		94A2644F23832E6900B87360 /* Preview Content */ = {
			isa = PBXGroup;
			children = (
				94A2645023832E6900B87360 /* Preview Assets.xcassets */,
			);
			path = "Preview Content";
			sourceTree = "<group>";
		};
		94A2645D23832E6900B87360 /* BagelGramTests */ = {
			isa = PBXGroup;
			children = (
				94A2645E23832E6900B87360 /* BagelGramTests.swift */,
				94A2646023832E6900B87360 /* Info.plist */,
			);
			path = BagelGramTests;
			sourceTree = "<group>";
		};
		94A2646823832E6900B87360 /* BagelGramUITests */ = {
			isa = PBXGroup;
			children = (
				94A2646923832E6900B87360 /* BagelGramUITests.swift */,
				94A2646B23832E6900B87360 /* Info.plist */,
			);
			path = BagelGramUITests;
			sourceTree = "<group>";
		};
/* End PBXGroup section */

/* Begin PBXNativeTarget section */
		94A2644023832E6500B87360 /* BagelGram */ = {
			isa = PBXNativeTarget;
			buildConfigurationList = 94A2646E23832E6900B87360 /* Build configuration list for PBXNativeTarget "BagelGram" */;
			buildPhases = (
				94B1D8F02385515E005AECEB /* ShellScript */,
				94A2643D23832E6500B87360 /* Sources */,
				94A2643E23832E6500B87360 /* Frameworks */,
				94A2643F23832E6500B87360 /* Resources */,
			);
			buildRules = (
			);
			dependencies = (
			);
			name = BagelGram;
			packageProductDependencies = (
				94A26478238331DF00B87360 /* Apollo */,
				94A2647A238331DF00B87360 /* ApolloWebSocket */,
			);
			productName = BagelGram;
			productReference = 94A2644123832E6500B87360 /* BagelGram.app */;
			productType = "com.apple.product-type.application";
		};
		94A2645923832E6900B87360 /* BagelGramTests */ = {
			isa = PBXNativeTarget;
			buildConfigurationList = 94A2647123832E6900B87360 /* Build configuration list for PBXNativeTarget "BagelGramTests" */;
			buildPhases = (
				94A2645623832E6900B87360 /* Sources */,
				94A2645723832E6900B87360 /* Frameworks */,
				94A2645823832E6900B87360 /* Resources */,
			);
			buildRules = (
			);
			dependencies = (
				94A2645C23832E6900B87360 /* PBXTargetDependency */,
			);
			name = BagelGramTests;
			productName = BagelGramTests;
			productReference = 94A2645A23832E6900B87360 /* BagelGramTests.xctest */;
			productType = "com.apple.product-type.bundle.unit-test";
		};
		94A2646423832E6900B87360 /* BagelGramUITests */ = {
			isa = PBXNativeTarget;
			buildConfigurationList = 94A2647423832E6900B87360 /* Build configuration list for PBXNativeTarget "BagelGramUITests" */;
			buildPhases = (
				94A2646123832E6900B87360 /* Sources */,
				94A2646223832E6900B87360 /* Frameworks */,
				94A2646323832E6900B87360 /* Resources */,
			);
			buildRules = (
			);
			dependencies = (
				94A2646723832E6900B87360 /* PBXTargetDependency */,
			);
			name = BagelGramUITests;
			productName = BagelGramUITests;
			productReference = 94A2646523832E6900B87360 /* BagelGramUITests.xctest */;
			productType = "com.apple.product-type.bundle.ui-testing";
		};
/* End PBXNativeTarget section */

/* Begin PBXProject section */
		94A2643923832E6500B87360 /* Project object */ = {
			isa = PBXProject;
			attributes = {
				LastSwiftUpdateCheck = 1120;
				LastUpgradeCheck = 1120;
				ORGANIZATIONNAME = "Aaron Osteraas";
				TargetAttributes = {
					94A2644023832E6500B87360 = {
						CreatedOnToolsVersion = 11.2.1;
					};
					94A2645923832E6900B87360 = {
						CreatedOnToolsVersion = 11.2.1;
						TestTargetID = 94A2644023832E6500B87360;
					};
					94A2646423832E6900B87360 = {
						CreatedOnToolsVersion = 11.2.1;
						TestTargetID = 94A2644023832E6500B87360;
					};
				};
			};
			buildConfigurationList = 94A2643C23832E6500B87360 /* Build configuration list for PBXProject "BagelGram" */;
			compatibilityVersion = "Xcode 9.3";
			developmentRegion = en;
			hasScannedForEncodings = 0;
			knownRegions = (
				en,
				Base,
			);
			mainGroup = 94A2643823832E6500B87360;
			packageReferences = (
				94A26477238331DF00B87360 /* XCRemoteSwiftPackageReference "apollo-ios" */,
			);
			productRefGroup = 94A2644223832E6500B87360 /* Products */;
			projectDirPath = "";
			projectRoot = "";
			targets = (
				94A2644023832E6500B87360 /* BagelGram */,
				94A2645923832E6900B87360 /* BagelGramTests */,
				94A2646423832E6900B87360 /* BagelGramUITests */,
			);
		};
/* End PBXProject section */

/* Begin PBXResourcesBuildPhase section */
		94A2643F23832E6500B87360 /* Resources */ = {
			isa = PBXResourcesBuildPhase;
			buildActionMask = 2147483647;
			files = (
				4D2C16E92384BC6E005C4F4A /* logo.png in Resources */,
				94D22CD523855046000C55FB /* graphql.schema.json in Resources */,
				94B1D8EF238550DC005AECEB /* ImageQuery.graphql in Resources */,
				94A2645423832E6900B87360 /* LaunchScreen.storyboard in Resources */,
				94A2645123832E6900B87360 /* Preview Assets.xcassets in Resources */,
				94A2644E23832E6900B87360 /* Assets.xcassets in Resources */,
			);
			runOnlyForDeploymentPostprocessing = 0;
		};
		94A2645823832E6900B87360 /* Resources */ = {
			isa = PBXResourcesBuildPhase;
			buildActionMask = 2147483647;
			files = (
			);
			runOnlyForDeploymentPostprocessing = 0;
		};
		94A2646323832E6900B87360 /* Resources */ = {
			isa = PBXResourcesBuildPhase;
			buildActionMask = 2147483647;
			files = (
			);
			runOnlyForDeploymentPostprocessing = 0;
		};
/* End PBXResourcesBuildPhase section */

/* Begin PBXShellScriptBuildPhase section */
		94B1D8F02385515E005AECEB /* ShellScript */ = {
			isa = PBXShellScriptBuildPhase;
			buildActionMask = 2147483647;
			files = (
			);
			inputFileListPaths = (
			);
			inputPaths = (
			);
			outputFileListPaths = (
			);
			outputPaths = (
			);
			runOnlyForDeploymentPostprocessing = 0;
			shellPath = /bin/sh;
			shellScript = "# Go to the build root and search up the chain to find the Derived Data Path where the source packages are checked out.\nDERIVED_DATA_CANDIDATE=\"${BUILD_ROOT}\"\n\nwhile ! [ -d \"${DERIVED_DATA_CANDIDATE}/SourcePackages\" ]; do\n  if [ \"${DERIVED_DATA_CANDIDATE}\" = / ]; then\n    echo >&2 \"error: Unable to locate SourcePackages directory from BUILD_ROOT: '${BUILD_ROOT}'\"\n    exit 1\n  fi\n\n  DERIVED_DATA_CANDIDATE=\"$(dirname \"${DERIVED_DATA_CANDIDATE}\")\"\ndone\n\n# Grab a reference to the directory where scripts are checked out\nSCRIPT_PATH=\"${DERIVED_DATA_CANDIDATE}/SourcePackages/checkouts/apollo-ios/scripts\"\n\nif [ -z \"${SCRIPT_PATH}\" ]; then\n    echo >&2 \"error: Couldn't find the CLI script in your checked out SPM packages; make sure to add the framework to your project.\"\n    exit 1\nfi\n\ncd \"${SRCROOT}/${TARGET_NAME}\"\n\"${SCRIPT_PATH}\"/run-bundled-codegen.sh codegen:generate --target=swift --includes=./**/*.graphql --localSchemaFile=\"graphql.schema.json\" API.swift\n";
		};
/* End PBXShellScriptBuildPhase section */

/* Begin PBXSourcesBuildPhase section */
		94A2643D23832E6500B87360 /* Sources */ = {
			isa = PBXSourcesBuildPhase;
			buildActionMask = 2147483647;
			files = (
				94A2647D2383325A00B87360 /* Network.swift in Sources */,
				946EDFA723B2CC79000CD32F /* UISettings.swift in Sources */,
				4DF4C13323865E30000FA081 /* HomeViewModel.swift in Sources */,
				948BF7C72385D78C00F1F048 /* ImagesController.swift in Sources */,
				943D782A238A5BF8009FDE39 /* RemoteImage.swift in Sources */,
				943D782C238A83F6009FDE39 /* NavigationBar.swift in Sources */,
				94A2644523832E6500B87360 /* AppDelegate.swift in Sources */,
				94A2644723832E6500B87360 /* SceneDelegate.swift in Sources */,
				945567E92389007F000C0CFD /* HomeView.swift in Sources */,
				946EDFA123B2C2AB000CD32F /* ImageData.swift in Sources */,
				4DF4C13123865DE6000FA081 /* HomeViewController.swift in Sources */,
				94A2644C23832E6500B87360 /* ContentView.swift in Sources */,
				946EDF9F23B2C04D000CD32F /* AppView.swift in Sources */,
				94B1D8F22385522F005AECEB /* API.swift in Sources */,
				946EDFA523B2C987000CD32F /* AddImageView.swift in Sources */,
				946EDFA323B2C2DA000CD32F /* ImageColumn.swift in Sources */,
				4DF4C12D23865D1F000FA081 /* Server.swift in Sources */,
				94A2644A23832E6500B87360 /* BagelGram.xcdatamodeld in Sources */,
			);
			runOnlyForDeploymentPostprocessing = 0;
		};
		94A2645623832E6900B87360 /* Sources */ = {
			isa = PBXSourcesBuildPhase;
			buildActionMask = 2147483647;
			files = (
				94A2645F23832E6900B87360 /* BagelGramTests.swift in Sources */,
			);
			runOnlyForDeploymentPostprocessing = 0;
		};
		94A2646123832E6900B87360 /* Sources */ = {
			isa = PBXSourcesBuildPhase;
			buildActionMask = 2147483647;
			files = (
				94A2646A23832E6900B87360 /* BagelGramUITests.swift in Sources */,
			);
			runOnlyForDeploymentPostprocessing = 0;
		};
/* End PBXSourcesBuildPhase section */

/* Begin PBXTargetDependency section */
		94A2645C23832E6900B87360 /* PBXTargetDependency */ = {
			isa = PBXTargetDependency;
			target = 94A2644023832E6500B87360 /* BagelGram */;
			targetProxy = 94A2645B23832E6900B87360 /* PBXContainerItemProxy */;
		};
		94A2646723832E6900B87360 /* PBXTargetDependency */ = {
			isa = PBXTargetDependency;
			target = 94A2644023832E6500B87360 /* BagelGram */;
			targetProxy = 94A2646623832E6900B87360 /* PBXContainerItemProxy */;
		};
/* End PBXTargetDependency section */

/* Begin PBXVariantGroup section */
		94A2645223832E6900B87360 /* LaunchScreen.storyboard */ = {
			isa = PBXVariantGroup;
			children = (
				94A2645323832E6900B87360 /* Base */,
			);
			name = LaunchScreen.storyboard;
			sourceTree = "<group>";
		};
/* End PBXVariantGroup section */

/* Begin XCBuildConfiguration section */
		94A2646C23832E6900B87360 /* Debug */ = {
			isa = XCBuildConfiguration;
			buildSettings = {
				ALWAYS_SEARCH_USER_PATHS = NO;
				CLANG_ANALYZER_NONNULL = YES;
				CLANG_ANALYZER_NUMBER_OBJECT_CONVERSION = YES_AGGRESSIVE;
				CLANG_CXX_LANGUAGE_STANDARD = "gnu++14";
				CLANG_CXX_LIBRARY = "libc++";
				CLANG_ENABLE_MODULES = YES;
				CLANG_ENABLE_OBJC_ARC = YES;
				CLANG_ENABLE_OBJC_WEAK = YES;
				CLANG_WARN_BLOCK_CAPTURE_AUTORELEASING = YES;
				CLANG_WARN_BOOL_CONVERSION = YES;
				CLANG_WARN_COMMA = YES;
				CLANG_WARN_CONSTANT_CONVERSION = YES;
				CLANG_WARN_DEPRECATED_OBJC_IMPLEMENTATIONS = YES;
				CLANG_WARN_DIRECT_OBJC_ISA_USAGE = YES_ERROR;
				CLANG_WARN_DOCUMENTATION_COMMENTS = YES;
				CLANG_WARN_EMPTY_BODY = YES;
				CLANG_WARN_ENUM_CONVERSION = YES;
				CLANG_WARN_INFINITE_RECURSION = YES;
				CLANG_WARN_INT_CONVERSION = YES;
				CLANG_WARN_NON_LITERAL_NULL_CONVERSION = YES;
				CLANG_WARN_OBJC_IMPLICIT_RETAIN_SELF = YES;
				CLANG_WARN_OBJC_LITERAL_CONVERSION = YES;
				CLANG_WARN_OBJC_ROOT_CLASS = YES_ERROR;
				CLANG_WARN_RANGE_LOOP_ANALYSIS = YES;
				CLANG_WARN_STRICT_PROTOTYPES = YES;
				CLANG_WARN_SUSPICIOUS_MOVE = YES;
				CLANG_WARN_UNGUARDED_AVAILABILITY = YES_AGGRESSIVE;
				CLANG_WARN_UNREACHABLE_CODE = YES;
				CLANG_WARN__DUPLICATE_METHOD_MATCH = YES;
				COPY_PHASE_STRIP = NO;
				DEBUG_INFORMATION_FORMAT = dwarf;
				ENABLE_STRICT_OBJC_MSGSEND = YES;
				ENABLE_TESTABILITY = YES;
				GCC_C_LANGUAGE_STANDARD = gnu11;
				GCC_DYNAMIC_NO_PIC = NO;
				GCC_NO_COMMON_BLOCKS = YES;
				GCC_OPTIMIZATION_LEVEL = 0;
				GCC_PREPROCESSOR_DEFINITIONS = (
					"DEBUG=1",
					"$(inherited)",
				);
				GCC_WARN_64_TO_32_BIT_CONVERSION = YES;
				GCC_WARN_ABOUT_RETURN_TYPE = YES_ERROR;
				GCC_WARN_UNDECLARED_SELECTOR = YES;
				GCC_WARN_UNINITIALIZED_AUTOS = YES_AGGRESSIVE;
				GCC_WARN_UNUSED_FUNCTION = YES;
				GCC_WARN_UNUSED_VARIABLE = YES;
				IPHONEOS_DEPLOYMENT_TARGET = 13.2;
				MTL_ENABLE_DEBUG_INFO = INCLUDE_SOURCE;
				MTL_FAST_MATH = YES;
				ONLY_ACTIVE_ARCH = YES;
				SDKROOT = iphoneos;
				SWIFT_ACTIVE_COMPILATION_CONDITIONS = DEBUG;
				SWIFT_OPTIMIZATION_LEVEL = "-Onone";
			};
			name = Debug;
		};
		94A2646D23832E6900B87360 /* Release */ = {
			isa = XCBuildConfiguration;
			buildSettings = {
				ALWAYS_SEARCH_USER_PATHS = NO;
				CLANG_ANALYZER_NONNULL = YES;
				CLANG_ANALYZER_NUMBER_OBJECT_CONVERSION = YES_AGGRESSIVE;
				CLANG_CXX_LANGUAGE_STANDARD = "gnu++14";
				CLANG_CXX_LIBRARY = "libc++";
				CLANG_ENABLE_MODULES = YES;
				CLANG_ENABLE_OBJC_ARC = YES;
				CLANG_ENABLE_OBJC_WEAK = YES;
				CLANG_WARN_BLOCK_CAPTURE_AUTORELEASING = YES;
				CLANG_WARN_BOOL_CONVERSION = YES;
				CLANG_WARN_COMMA = YES;
				CLANG_WARN_CONSTANT_CONVERSION = YES;
				CLANG_WARN_DEPRECATED_OBJC_IMPLEMENTATIONS = YES;
				CLANG_WARN_DIRECT_OBJC_ISA_USAGE = YES_ERROR;
				CLANG_WARN_DOCUMENTATION_COMMENTS = YES;
				CLANG_WARN_EMPTY_BODY = YES;
				CLANG_WARN_ENUM_CONVERSION = YES;
				CLANG_WARN_INFINITE_RECURSION = YES;
				CLANG_WARN_INT_CONVERSION = YES;
				CLANG_WARN_NON_LITERAL_NULL_CONVERSION = YES;
				CLANG_WARN_OBJC_IMPLICIT_RETAIN_SELF = YES;
				CLANG_WARN_OBJC_LITERAL_CONVERSION = YES;
				CLANG_WARN_OBJC_ROOT_CLASS = YES_ERROR;
				CLANG_WARN_RANGE_LOOP_ANALYSIS = YES;
				CLANG_WARN_STRICT_PROTOTYPES = YES;
				CLANG_WARN_SUSPICIOUS_MOVE = YES;
				CLANG_WARN_UNGUARDED_AVAILABILITY = YES_AGGRESSIVE;
				CLANG_WARN_UNREACHABLE_CODE = YES;
				CLANG_WARN__DUPLICATE_METHOD_MATCH = YES;
				COPY_PHASE_STRIP = NO;
				DEBUG_INFORMATION_FORMAT = "dwarf-with-dsym";
				ENABLE_NS_ASSERTIONS = NO;
				ENABLE_STRICT_OBJC_MSGSEND = YES;
				GCC_C_LANGUAGE_STANDARD = gnu11;
				GCC_NO_COMMON_BLOCKS = YES;
				GCC_WARN_64_TO_32_BIT_CONVERSION = YES;
				GCC_WARN_ABOUT_RETURN_TYPE = YES_ERROR;
				GCC_WARN_UNDECLARED_SELECTOR = YES;
				GCC_WARN_UNINITIALIZED_AUTOS = YES_AGGRESSIVE;
				GCC_WARN_UNUSED_FUNCTION = YES;
				GCC_WARN_UNUSED_VARIABLE = YES;
				IPHONEOS_DEPLOYMENT_TARGET = 13.2;
				MTL_ENABLE_DEBUG_INFO = NO;
				MTL_FAST_MATH = YES;
				SDKROOT = iphoneos;
				SWIFT_COMPILATION_MODE = wholemodule;
				SWIFT_OPTIMIZATION_LEVEL = "-O";
				VALIDATE_PRODUCT = YES;
			};
			name = Release;
		};
		94A2646F23832E6900B87360 /* Debug */ = {
			isa = XCBuildConfiguration;
			buildSettings = {
				ASSETCATALOG_COMPILER_APPICON_NAME = AppIcon;
				CODE_SIGN_STYLE = Automatic;
				DEVELOPMENT_ASSET_PATHS = "\"BagelGram/Preview Content\"";
				ENABLE_PREVIEWS = YES;
				INFOPLIST_FILE = BagelGram/Info.plist;
				LD_RUNPATH_SEARCH_PATHS = (
					"$(inherited)",
					"@executable_path/Frameworks",
				);
				PRODUCT_BUNDLE_IDENTIFIER = aa.BagelGram;
				PRODUCT_NAME = "$(TARGET_NAME)";
				SWIFT_VERSION = 5.0;
				TARGETED_DEVICE_FAMILY = "1,2";
			};
			name = Debug;
		};
		94A2647023832E6900B87360 /* Release */ = {
			isa = XCBuildConfiguration;
			buildSettings = {
				ASSETCATALOG_COMPILER_APPICON_NAME = AppIcon;
				CODE_SIGN_STYLE = Automatic;
				DEVELOPMENT_ASSET_PATHS = "\"BagelGram/Preview Content\"";
				ENABLE_PREVIEWS = YES;
				INFOPLIST_FILE = BagelGram/Info.plist;
				LD_RUNPATH_SEARCH_PATHS = (
					"$(inherited)",
					"@executable_path/Frameworks",
				);
				PRODUCT_BUNDLE_IDENTIFIER = aa.BagelGram;
				PRODUCT_NAME = "$(TARGET_NAME)";
				SWIFT_VERSION = 5.0;
				TARGETED_DEVICE_FAMILY = "1,2";
			};
			name = Release;
		};
		94A2647223832E6900B87360 /* Debug */ = {
			isa = XCBuildConfiguration;
			buildSettings = {
				ALWAYS_EMBED_SWIFT_STANDARD_LIBRARIES = YES;
				BUNDLE_LOADER = "$(TEST_HOST)";
				CODE_SIGN_STYLE = Automatic;
				INFOPLIST_FILE = BagelGramTests/Info.plist;
				IPHONEOS_DEPLOYMENT_TARGET = 13.2;
				LD_RUNPATH_SEARCH_PATHS = (
					"$(inherited)",
					"@executable_path/Frameworks",
					"@loader_path/Frameworks",
				);
				PRODUCT_BUNDLE_IDENTIFIER = aa.BagelGramTests;
				PRODUCT_NAME = "$(TARGET_NAME)";
				SWIFT_VERSION = 5.0;
				TARGETED_DEVICE_FAMILY = "1,2";
				TEST_HOST = "$(BUILT_PRODUCTS_DIR)/BagelGram.app/BagelGram";
			};
			name = Debug;
		};
		94A2647323832E6900B87360 /* Release */ = {
			isa = XCBuildConfiguration;
			buildSettings = {
				ALWAYS_EMBED_SWIFT_STANDARD_LIBRARIES = YES;
				BUNDLE_LOADER = "$(TEST_HOST)";
				CODE_SIGN_STYLE = Automatic;
				INFOPLIST_FILE = BagelGramTests/Info.plist;
				IPHONEOS_DEPLOYMENT_TARGET = 13.2;
				LD_RUNPATH_SEARCH_PATHS = (
					"$(inherited)",
					"@executable_path/Frameworks",
					"@loader_path/Frameworks",
				);
				PRODUCT_BUNDLE_IDENTIFIER = aa.BagelGramTests;
				PRODUCT_NAME = "$(TARGET_NAME)";
				SWIFT_VERSION = 5.0;
				TARGETED_DEVICE_FAMILY = "1,2";
				TEST_HOST = "$(BUILT_PRODUCTS_DIR)/BagelGram.app/BagelGram";
			};
			name = Release;
		};
		94A2647523832E6900B87360 /* Debug */ = {
			isa = XCBuildConfiguration;
			buildSettings = {
				ALWAYS_EMBED_SWIFT_STANDARD_LIBRARIES = YES;
				CODE_SIGN_STYLE = Automatic;
				INFOPLIST_FILE = BagelGramUITests/Info.plist;
				LD_RUNPATH_SEARCH_PATHS = (
					"$(inherited)",
					"@executable_path/Frameworks",
					"@loader_path/Frameworks",
				);
				PRODUCT_BUNDLE_IDENTIFIER = aa.BagelGramUITests;
				PRODUCT_NAME = "$(TARGET_NAME)";
				SWIFT_VERSION = 5.0;
				TARGETED_DEVICE_FAMILY = "1,2";
				TEST_TARGET_NAME = BagelGram;
			};
			name = Debug;
		};
		94A2647623832E6900B87360 /* Release */ = {
			isa = XCBuildConfiguration;
			buildSettings = {
				ALWAYS_EMBED_SWIFT_STANDARD_LIBRARIES = YES;
				CODE_SIGN_STYLE = Automatic;
				INFOPLIST_FILE = BagelGramUITests/Info.plist;
				LD_RUNPATH_SEARCH_PATHS = (
					"$(inherited)",
					"@executable_path/Frameworks",
					"@loader_path/Frameworks",
				);
				PRODUCT_BUNDLE_IDENTIFIER = aa.BagelGramUITests;
				PRODUCT_NAME = "$(TARGET_NAME)";
				SWIFT_VERSION = 5.0;
				TARGETED_DEVICE_FAMILY = "1,2";
				TEST_TARGET_NAME = BagelGram;
			};
			name = Release;
		};
/* End XCBuildConfiguration section */

/* Begin XCConfigurationList section */
		94A2643C23832E6500B87360 /* Build configuration list for PBXProject "BagelGram" */ = {
			isa = XCConfigurationList;
			buildConfigurations = (
				94A2646C23832E6900B87360 /* Debug */,
				94A2646D23832E6900B87360 /* Release */,
			);
			defaultConfigurationIsVisible = 0;
			defaultConfigurationName = Release;
		};
		94A2646E23832E6900B87360 /* Build configuration list for PBXNativeTarget "BagelGram" */ = {
			isa = XCConfigurationList;
			buildConfigurations = (
				94A2646F23832E6900B87360 /* Debug */,
				94A2647023832E6900B87360 /* Release */,
			);
			defaultConfigurationIsVisible = 0;
			defaultConfigurationName = Release;
		};
		94A2647123832E6900B87360 /* Build configuration list for PBXNativeTarget "BagelGramTests" */ = {
			isa = XCConfigurationList;
			buildConfigurations = (
				94A2647223832E6900B87360 /* Debug */,
				94A2647323832E6900B87360 /* Release */,
			);
			defaultConfigurationIsVisible = 0;
			defaultConfigurationName = Release;
		};
		94A2647423832E6900B87360 /* Build configuration list for PBXNativeTarget "BagelGramUITests" */ = {
			isa = XCConfigurationList;
			buildConfigurations = (
				94A2647523832E6900B87360 /* Debug */,
				94A2647623832E6900B87360 /* Release */,
			);
			defaultConfigurationIsVisible = 0;
			defaultConfigurationName = Release;
		};
/* End XCConfigurationList section */

/* Begin XCRemoteSwiftPackageReference section */
		94A26477238331DF00B87360 /* XCRemoteSwiftPackageReference "apollo-ios" */ = {
			isa = XCRemoteSwiftPackageReference;
			repositoryURL = "https://github.com/apollographql/apollo-ios.git";
			requirement = {
				kind = upToNextMinorVersion;
				minimumVersion = 0.20.0;
			};
		};
/* End XCRemoteSwiftPackageReference section */

/* Begin XCSwiftPackageProductDependency section */
		94A26478238331DF00B87360 /* Apollo */ = {
			isa = XCSwiftPackageProductDependency;
			package = 94A26477238331DF00B87360 /* XCRemoteSwiftPackageReference "apollo-ios" */;
			productName = Apollo;
		};
		94A2647A238331DF00B87360 /* ApolloWebSocket */ = {
			isa = XCSwiftPackageProductDependency;
			package = 94A26477238331DF00B87360 /* XCRemoteSwiftPackageReference "apollo-ios" */;
			productName = ApolloWebSocket;
		};
/* End XCSwiftPackageProductDependency section */

/* Begin XCVersionGroup section */
		94A2644823832E6500B87360 /* BagelGram.xcdatamodeld */ = {
			isa = XCVersionGroup;
			children = (
				94A2644923832E6500B87360 /* BagelGram.xcdatamodel */,
			);
			currentVersion = 94A2644923832E6500B87360 /* BagelGram.xcdatamodel */;
			path = BagelGram.xcdatamodeld;
			sourceTree = "<group>";
			versionGroupType = wrapper.xcdatamodel;
		};
/* End XCVersionGroup section */
	};
	rootObject = 94A2643923832E6500B87360 /* Project object */;
}
